
Microsoft Visual Studio Solution File, Format Version 12.00
# Visual Studio Version 17
VisualStudioVersion = 17.1.32228.430
MinimumVisualStudioVersion = 10.0.40219.1
Project("{FAE04EC0-301F-11D3-BF4B-00C04F79EFBC}") = "Services", "Services\Services.csproj", "{DF5A15EE-67C7-4F38-A0AE-74A301ED4D1E}"
EndProject
Project("{FAE04EC0-301F-11D3-BF4B-00C04F79EFBC}") = "Tests", "Tests\Tests.csproj", "{6C30A92B-AFE7-4801-B144-811D943ABC0C}"
EndProject
Global
	GlobalSection(SolutionConfigurationPlatforms) = preSolution
		Debug|Any CPU = Debug|Any CPU
		Release|Any CPU = Release|Any CPU
	EndGlobalSection
	GlobalSection(ProjectConfigurationPlatforms) = postSolution
		{DF5A15EE-67C7-4F38-A0AE-74A301ED4D1E}.Debug|Any CPU.ActiveCfg = Debug|Any CPU
		{DF5A15EE-67C7-4F38-A0AE-74A301ED4D1E}.Debug|Any CPU.Build.0 = Debug|Any CPU
		{DF5A15EE-67C7-4F38-A0AE-74A301ED4D1E}.Release|Any CPU.ActiveCfg = Release|Any CPU
		{DF5A15EE-67C7-4F38-A0AE-74A301ED4D1E}.Release|Any CPU.Build.0 = Release|Any CPU
		{6C30A92B-AFE7-4801-B144-811D943ABC0C}.Debug|Any CPU.ActiveCfg = Debug|Any CPU
		{6C30A92B-AFE7-4801-B144-811D943ABC0C}.Debug|Any CPU.Build.0 = Debug|Any CPU
		{6C30A92B-AFE7-4801-B144-811D943ABC0C}.Release|Any CPU.ActiveCfg = Release|Any CPU
		{6C30A92B-AFE7-4801-B144-811D943ABC0C}.Release|Any CPU.Build.0 = Release|Any CPU
	EndGlobalSection
	GlobalSection(SolutionProperties) = preSolution
		HideSolutionNode = FALSE
	EndGlobalSection
	GlobalSection(ExtensibilityGlobals) = postSolution
		SolutionGuid = {5065738B-CEF8-463B-86F0-E7E8B467B84D}
	EndGlobalSection
EndGlobal
